
Microsoft Visual Studio Solution File, Format Version 12.00
# Visual Studio Version 17
VisualStudioVersion = 17.1.32421.90
MinimumVisualStudioVersion = 10.0.40219.1
Project("{FAE04EC0-301F-11D3-BF4B-00C04F79EFBC}") = "PdfMerger.UI", "PdfMerger.UI\PdfMerger.UI.csproj", "{89CFA0B0-27C3-4779-AAE8-A7F3C058A1FB}"
EndProject
Project("{FAE04EC0-301F-11D3-BF4B-00C04F79EFBC}") = "PdfMerger.Core", "PdfMerger.Core\PdfMerger.Core.csproj", "{4345567D-6790-43A3-84E3-29FB157FC922}"
EndProject
Global
	GlobalSection(SolutionConfigurationPlatforms) = preSolution
		Debug|Any CPU = Debug|Any CPU
		Release|Any CPU = Release|Any CPU
	EndGlobalSection
	GlobalSection(ProjectConfigurationPlatforms) = postSolution
		{89CFA0B0-27C3-4779-AAE8-A7F3C058A1FB}.Debug|Any CPU.ActiveCfg = Debug|Any CPU
		{89CFA0B0-27C3-4779-AAE8-A7F3C058A1FB}.Debug|Any CPU.Build.0 = Debug|Any CPU
		{89CFA0B0-27C3-4779-AAE8-A7F3C058A1FB}.Release|Any CPU.ActiveCfg = Release|Any CPU
		{89CFA0B0-27C3-4779-AAE8-A7F3C058A1FB}.Release|Any CPU.Build.0 = Release|Any CPU
		{4345567D-6790-43A3-84E3-29FB157FC922}.Debug|Any CPU.ActiveCfg = Debug|Any CPU
		{4345567D-6790-43A3-84E3-29FB157FC922}.Debug|Any CPU.Build.0 = Debug|Any CPU
		{4345567D-6790-43A3-84E3-29FB157FC922}.Release|Any CPU.ActiveCfg = Release|Any CPU
		{4345567D-6790-43A3-84E3-29FB157FC922}.Release|Any CPU.Build.0 = Release|Any CPU
	EndGlobalSection
	GlobalSection(SolutionProperties) = preSolution
		HideSolutionNode = FALSE
	EndGlobalSection
	GlobalSection(ExtensibilityGlobals) = postSolution
		SolutionGuid = {0521A10C-CC68-4426-B4C3-D70A862850FF}
	EndGlobalSection
EndGlobal
